
Microsoft Visual Studio Solution File, Format Version 12.00
# Visual Studio Version 17
VisualStudioVersion = 17.4.33205.214
MinimumVisualStudioVersion = 10.0.40219.1
Project("{8BC9CEB8-8B4A-11D0-8D11-00A0C91BC942}") = "tip-tac-toe", "tip-tac-toe\tip-tac-toe.vcxproj", "{83E64920-5275-40DF-9F0E-9EA052CB8E61}"
EndProject
Global
	GlobalSection(SolutionConfigurationPlatforms) = preSolution
		Debug|x64 = Debug|x64
		Debug|x86 = Debug|x86
		Release|x64 = Release|x64
		Release|x86 = Release|x86
	EndGlobalSection
	GlobalSection(ProjectConfigurationPlatforms) = postSolution
		{83E64920-5275-40DF-9F0E-9EA052CB8E61}.Debug|x64.ActiveCfg = Debug|x64
		{83E64920-5275-40DF-9F0E-9EA052CB8E61}.Debug|x64.Build.0 = Debug|x64
		{83E64920-5275-40DF-9F0E-9EA052CB8E61}.Debug|x86.ActiveCfg = Debug|Win32
		{83E64920-5275-40DF-9F0E-9EA052CB8E61}.Debug|x86.Build.0 = Debug|Win32
		{83E64920-5275-40DF-9F0E-9EA052CB8E61}.Release|x64.ActiveCfg = Release|x64
		{83E64920-5275-40DF-9F0E-9EA052CB8E61}.Release|x64.Build.0 = Release|x64
		{83E64920-5275-40DF-9F0E-9EA052CB8E61}.Release|x86.ActiveCfg = Release|Win32
		{83E64920-5275-40DF-9F0E-9EA052CB8E61}.Release|x86.Build.0 = Release|Win32
	EndGlobalSection
	GlobalSection(SolutionProperties) = preSolution
		HideSolutionNode = FALSE
	EndGlobalSection
	GlobalSection(ExtensibilityGlobals) = postSolution
		SolutionGuid = {9AE1FF60-A51F-42A4-82CD-C2405C043913}
	EndGlobalSection
EndGlobal
